// !$*UTF8*$!
{
	archiveVersion = 1;
	classes = {
	};
	objectVersion = 55;
	objects = {

/* Begin PBXBuildFile section */
		525FBF492A4D8F3A001062A6 /* StudentLocationResponse.swift in Sources */ = {isa = PBXBuildFile; fileRef = 525FBF482A4D8F3A001062A6 /* StudentLocationResponse.swift */; };
		525FBF4E2A4D954F001062A6 /* OTMQueryStringBuilder.swift in Sources */ = {isa = PBXBuildFile; fileRef = 525FBF4D2A4D954F001062A6 /* OTMQueryStringBuilder.swift */; };
		525FBF512A4EA895001062A6 /* StudentLocation.swift in Sources */ = {isa = PBXBuildFile; fileRef = 525FBF502A4EA895001062A6 /* StudentLocation.swift */; };
		525FBF532A4EA9E6001062A6 /* PostStudentLocationResponse.swift in Sources */ = {isa = PBXBuildFile; fileRef = 525FBF522A4EA9E6001062A6 /* PostStudentLocationResponse.swift */; };
		525FBF552A4EBB5E001062A6 /* UpdateExistingStudentLocationResponse.swift in Sources */ = {isa = PBXBuildFile; fileRef = 525FBF542A4EBB5E001062A6 /* UpdateExistingStudentLocationResponse.swift */; };
		525FBF572A4EC447001062A6 /* SessionInfo.swift in Sources */ = {isa = PBXBuildFile; fileRef = 525FBF562A4EC447001062A6 /* SessionInfo.swift */; };
		525FBF592A4EC579001062A6 /* LogoutResponse.swift in Sources */ = {isa = PBXBuildFile; fileRef = 525FBF582A4EC579001062A6 /* LogoutResponse.swift */; };
		525FBF5B2A4EC5C5001062A6 /* AccountInfo.swift in Sources */ = {isa = PBXBuildFile; fileRef = 525FBF5A2A4EC5C5001062A6 /* AccountInfo.swift */; };
		525FBF5D2A4ECAE8001062A6 /* UserInfo.swift in Sources */ = {isa = PBXBuildFile; fileRef = 525FBF5C2A4ECAE8001062A6 /* UserInfo.swift */; };
		525FBF5F2A4ECB39001062A6 /* GetPublicUserDataResponse.swift in Sources */ = {isa = PBXBuildFile; fileRef = 525FBF5E2A4ECB39001062A6 /* GetPublicUserDataResponse.swift */; };
		52B719F82A4974E2008873D6 /* AppDelegate.swift in Sources */ = {isa = PBXBuildFile; fileRef = 52B719F72A4974E2008873D6 /* AppDelegate.swift */; };
		52B719FA2A4974E2008873D6 /* SceneDelegate.swift in Sources */ = {isa = PBXBuildFile; fileRef = 52B719F92A4974E2008873D6 /* SceneDelegate.swift */; };
		52B719FC2A4974E2008873D6 /* ViewController.swift in Sources */ = {isa = PBXBuildFile; fileRef = 52B719FB2A4974E2008873D6 /* ViewController.swift */; };
		52B719FF2A4974E2008873D6 /* Main.storyboard in Resources */ = {isa = PBXBuildFile; fileRef = 52B719FD2A4974E2008873D6 /* Main.storyboard */; };
		52B71A012A4974E4008873D6 /* Assets.xcassets in Resources */ = {isa = PBXBuildFile; fileRef = 52B71A002A4974E4008873D6 /* Assets.xcassets */; };
		52B71A042A4974E4008873D6 /* LaunchScreen.storyboard in Resources */ = {isa = PBXBuildFile; fileRef = 52B71A022A4974E4008873D6 /* LaunchScreen.storyboard */; };
		52B71A112A4D6714008873D6 /* OTMUdacityClient.swift in Sources */ = {isa = PBXBuildFile; fileRef = 52B71A102A4D6714008873D6 /* OTMUdacityClient.swift */; };
		52B71A152A4D6920008873D6 /* LoginRequest.swift in Sources */ = {isa = PBXBuildFile; fileRef = 52B71A142A4D6920008873D6 /* LoginRequest.swift */; };
		52B71A172A4D6CCA008873D6 /* OTMResponse.swift in Sources */ = {isa = PBXBuildFile; fileRef = 52B71A162A4D6CCA008873D6 /* OTMResponse.swift */; };
		52B71A192A4D6D51008873D6 /* LoginResponse.swift in Sources */ = {isa = PBXBuildFile; fileRef = 52B71A182A4D6D51008873D6 /* LoginResponse.swift */; };
/* End PBXBuildFile section */

/* Begin PBXFileReference section */
		525FBF482A4D8F3A001062A6 /* StudentLocationResponse.swift */ = {isa = PBXFileReference; lastKnownFileType = sourcecode.swift; path = StudentLocationResponse.swift; sourceTree = "<group>"; };
		525FBF4D2A4D954F001062A6 /* OTMQueryStringBuilder.swift */ = {isa = PBXFileReference; lastKnownFileType = sourcecode.swift; path = OTMQueryStringBuilder.swift; sourceTree = "<group>"; };
		525FBF502A4EA895001062A6 /* StudentLocation.swift */ = {isa = PBXFileReference; lastKnownFileType = sourcecode.swift; path = StudentLocation.swift; sourceTree = "<group>"; };
		525FBF522A4EA9E6001062A6 /* PostStudentLocationResponse.swift */ = {isa = PBXFileReference; lastKnownFileType = sourcecode.swift; path = PostStudentLocationResponse.swift; sourceTree = "<group>"; };
		525FBF542A4EBB5E001062A6 /* UpdateExistingStudentLocationResponse.swift */ = {isa = PBXFileReference; lastKnownFileType = sourcecode.swift; path = UpdateExistingStudentLocationResponse.swift; sourceTree = "<group>"; };
		525FBF562A4EC447001062A6 /* SessionInfo.swift */ = {isa = PBXFileReference; lastKnownFileType = sourcecode.swift; path = SessionInfo.swift; sourceTree = "<group>"; };
		525FBF582A4EC579001062A6 /* LogoutResponse.swift */ = {isa = PBXFileReference; lastKnownFileType = sourcecode.swift; path = LogoutResponse.swift; sourceTree = "<group>"; };
		525FBF5A2A4EC5C5001062A6 /* AccountInfo.swift */ = {isa = PBXFileReference; lastKnownFileType = sourcecode.swift; path = AccountInfo.swift; sourceTree = "<group>"; };
		525FBF5C2A4ECAE8001062A6 /* UserInfo.swift */ = {isa = PBXFileReference; lastKnownFileType = sourcecode.swift; path = UserInfo.swift; sourceTree = "<group>"; };
		525FBF5E2A4ECB39001062A6 /* GetPublicUserDataResponse.swift */ = {isa = PBXFileReference; lastKnownFileType = sourcecode.swift; path = GetPublicUserDataResponse.swift; sourceTree = "<group>"; };
		52B719F42A4974E2008873D6 /* OnTheMap.app */ = {isa = PBXFileReference; explicitFileType = wrapper.application; includeInIndex = 0; path = OnTheMap.app; sourceTree = BUILT_PRODUCTS_DIR; };
		52B719F72A4974E2008873D6 /* AppDelegate.swift */ = {isa = PBXFileReference; lastKnownFileType = sourcecode.swift; path = AppDelegate.swift; sourceTree = "<group>"; };
		52B719F92A4974E2008873D6 /* SceneDelegate.swift */ = {isa = PBXFileReference; lastKnownFileType = sourcecode.swift; path = SceneDelegate.swift; sourceTree = "<group>"; };
		52B719FB2A4974E2008873D6 /* ViewController.swift */ = {isa = PBXFileReference; lastKnownFileType = sourcecode.swift; path = ViewController.swift; sourceTree = "<group>"; };
		52B719FE2A4974E2008873D6 /* Base */ = {isa = PBXFileReference; lastKnownFileType = file.storyboard; name = Base; path = Base.lproj/Main.storyboard; sourceTree = "<group>"; };
		52B71A002A4974E4008873D6 /* Assets.xcassets */ = {isa = PBXFileReference; lastKnownFileType = folder.assetcatalog; path = Assets.xcassets; sourceTree = "<group>"; };
		52B71A032A4974E4008873D6 /* Base */ = {isa = PBXFileReference; lastKnownFileType = file.storyboard; name = Base; path = Base.lproj/LaunchScreen.storyboard; sourceTree = "<group>"; };
		52B71A052A4974E4008873D6 /* Info.plist */ = {isa = PBXFileReference; lastKnownFileType = text.plist.xml; path = Info.plist; sourceTree = "<group>"; };
		52B71A102A4D6714008873D6 /* OTMUdacityClient.swift */ = {isa = PBXFileReference; lastKnownFileType = sourcecode.swift; path = OTMUdacityClient.swift; sourceTree = "<group>"; };
		52B71A142A4D6920008873D6 /* LoginRequest.swift */ = {isa = PBXFileReference; lastKnownFileType = sourcecode.swift; path = LoginRequest.swift; sourceTree = "<group>"; };
		52B71A162A4D6CCA008873D6 /* OTMResponse.swift */ = {isa = PBXFileReference; lastKnownFileType = sourcecode.swift; path = OTMResponse.swift; sourceTree = "<group>"; };
		52B71A182A4D6D51008873D6 /* LoginResponse.swift */ = {isa = PBXFileReference; lastKnownFileType = sourcecode.swift; path = LoginResponse.swift; sourceTree = "<group>"; };
/* End PBXFileReference section */

/* Begin PBXFrameworksBuildPhase section */
		52B719F12A4974E2008873D6 /* Frameworks */ = {
			isa = PBXFrameworksBuildPhase;
			buildActionMask = 2147483647;
			files = (
			);
			runOnlyForDeploymentPostprocessing = 0;
		};
/* End PBXFrameworksBuildPhase section */

/* Begin PBXGroup section */
		525FBF4C2A4D94EF001062A6 /* Service */ = {
			isa = PBXGroup;
			children = (
				525FBF4D2A4D954F001062A6 /* OTMQueryStringBuilder.swift */,
			);
			path = Service;
			sourceTree = "<group>";
		};
		525FBF4F2A4EA87E001062A6 /* Data */ = {
			isa = PBXGroup;
			children = (
				525FBF502A4EA895001062A6 /* StudentLocation.swift */,
				525FBF562A4EC447001062A6 /* SessionInfo.swift */,
				525FBF5A2A4EC5C5001062A6 /* AccountInfo.swift */,
				525FBF5C2A4ECAE8001062A6 /* UserInfo.swift */,
			);
			path = Data;
			sourceTree = "<group>";
		};
		52B719EB2A4974E2008873D6 = {
			isa = PBXGroup;
			children = (
				52B719F62A4974E2008873D6 /* OnTheMap */,
				52B719F52A4974E2008873D6 /* Products */,
			);
			sourceTree = "<group>";
		};
		52B719F52A4974E2008873D6 /* Products */ = {
			isa = PBXGroup;
			children = (
				52B719F42A4974E2008873D6 /* OnTheMap.app */,
			);
			name = Products;
			sourceTree = "<group>";
		};
		52B719F62A4974E2008873D6 /* OnTheMap */ = {
			isa = PBXGroup;
			children = (
				52B71A0E2A4D65E6008873D6 /* Assets */,
				52B71A0D2A4D65D9008873D6 /* Controller */,
				52B71A0C2A4D65CD008873D6 /* View */,
				52B71A0B2A4D65BD008873D6 /* Model */,
				52B719F72A4974E2008873D6 /* AppDelegate.swift */,
				52B719F92A4974E2008873D6 /* SceneDelegate.swift */,
				52B71A052A4974E4008873D6 /* Info.plist */,
			);
			path = OnTheMap;
			sourceTree = "<group>";
		};
		52B71A0B2A4D65BD008873D6 /* Model */ = {
			isa = PBXGroup;
			children = (
				525FBF4F2A4EA87E001062A6 /* Data */,
				525FBF4C2A4D94EF001062A6 /* Service */,
				52B71A132A4D68E3008873D6 /* OTMResponse */,
				52B71A122A4D68D6008873D6 /* OTMRequest */,
				52B71A0F2A4D66C6008873D6 /* OTMUdacityClient */,
			);
			path = Model;
			sourceTree = "<group>";
		};
		52B71A0C2A4D65CD008873D6 /* View */ = {
			isa = PBXGroup;
			children = (
			);
			path = View;
			sourceTree = "<group>";
		};
		52B71A0D2A4D65D9008873D6 /* Controller */ = {
			isa = PBXGroup;
			children = (
				52B719FB2A4974E2008873D6 /* ViewController.swift */,
			);
			path = Controller;
			sourceTree = "<group>";
		};
		52B71A0E2A4D65E6008873D6 /* Assets */ = {
			isa = PBXGroup;
			children = (
				52B719FD2A4974E2008873D6 /* Main.storyboard */,
				52B71A002A4974E4008873D6 /* Assets.xcassets */,
				52B71A022A4974E4008873D6 /* LaunchScreen.storyboard */,
			);
			path = Assets;
			sourceTree = "<group>";
		};
		52B71A0F2A4D66C6008873D6 /* OTMUdacityClient */ = {
			isa = PBXGroup;
			children = (
				52B71A102A4D6714008873D6 /* OTMUdacityClient.swift */,
			);
			path = OTMUdacityClient;
			sourceTree = "<group>";
		};
		52B71A122A4D68D6008873D6 /* OTMRequest */ = {
			isa = PBXGroup;
			children = (
				52B71A142A4D6920008873D6 /* LoginRequest.swift */,
			);
			path = OTMRequest;
			sourceTree = "<group>";
		};
		52B71A132A4D68E3008873D6 /* OTMResponse */ = {
			isa = PBXGroup;
			children = (
				52B71A162A4D6CCA008873D6 /* OTMResponse.swift */,
				52B71A182A4D6D51008873D6 /* LoginResponse.swift */,
				525FBF482A4D8F3A001062A6 /* StudentLocationResponse.swift */,
				525FBF522A4EA9E6001062A6 /* PostStudentLocationResponse.swift */,
				525FBF542A4EBB5E001062A6 /* UpdateExistingStudentLocationResponse.swift */,
				525FBF582A4EC579001062A6 /* LogoutResponse.swift */,
				525FBF5E2A4ECB39001062A6 /* GetPublicUserDataResponse.swift */,
			);
			path = OTMResponse;
			sourceTree = "<group>";
		};
/* End PBXGroup section */

/* Begin PBXNativeTarget section */
		52B719F32A4974E2008873D6 /* OnTheMap */ = {
			isa = PBXNativeTarget;
			buildConfigurationList = 52B71A082A4974E4008873D6 /* Build configuration list for PBXNativeTarget "OnTheMap" */;
			buildPhases = (
				52B719F02A4974E2008873D6 /* Sources */,
				52B719F12A4974E2008873D6 /* Frameworks */,
				52B719F22A4974E2008873D6 /* Resources */,
			);
			buildRules = (
			);
			dependencies = (
			);
			name = OnTheMap;
			productName = OnTheMap;
			productReference = 52B719F42A4974E2008873D6 /* OnTheMap.app */;
			productType = "com.apple.product-type.application";
		};
/* End PBXNativeTarget section */

/* Begin PBXProject section */
		52B719EC2A4974E2008873D6 /* Project object */ = {
			isa = PBXProject;
			attributes = {
				BuildIndependentTargetsInParallel = 1;
				LastSwiftUpdateCheck = 1340;
				LastUpgradeCheck = 1340;
				TargetAttributes = {
					52B719F32A4974E2008873D6 = {
						CreatedOnToolsVersion = 13.4.1;
					};
				};
			};
			buildConfigurationList = 52B719EF2A4974E2008873D6 /* Build configuration list for PBXProject "OnTheMap" */;
			compatibilityVersion = "Xcode 13.0";
			developmentRegion = en;
			hasScannedForEncodings = 0;
			knownRegions = (
				en,
				Base,
			);
			mainGroup = 52B719EB2A4974E2008873D6;
			productRefGroup = 52B719F52A4974E2008873D6 /* Products */;
			projectDirPath = "";
			projectRoot = "";
			targets = (
				52B719F32A4974E2008873D6 /* OnTheMap */,
			);
		};
/* End PBXProject section */

/* Begin PBXResourcesBuildPhase section */
		52B719F22A4974E2008873D6 /* Resources */ = {
			isa = PBXResourcesBuildPhase;
			buildActionMask = 2147483647;
			files = (
				52B71A042A4974E4008873D6 /* LaunchScreen.storyboard in Resources */,
				52B71A012A4974E4008873D6 /* Assets.xcassets in Resources */,
				52B719FF2A4974E2008873D6 /* Main.storyboard in Resources */,
			);
			runOnlyForDeploymentPostprocessing = 0;
		};
/* End PBXResourcesBuildPhase section */

/* Begin PBXSourcesBuildPhase section */
		52B719F02A4974E2008873D6 /* Sources */ = {
			isa = PBXSourcesBuildPhase;
			buildActionMask = 2147483647;
			files = (
				525FBF492A4D8F3A001062A6 /* StudentLocationResponse.swift in Sources */,
				52B719FC2A4974E2008873D6 /* ViewController.swift in Sources */,
				525FBF5B2A4EC5C5001062A6 /* AccountInfo.swift in Sources */,
				52B71A172A4D6CCA008873D6 /* OTMResponse.swift in Sources */,
				525FBF5D2A4ECAE8001062A6 /* UserInfo.swift in Sources */,
				52B719F82A4974E2008873D6 /* AppDelegate.swift in Sources */,
				525FBF5F2A4ECB39001062A6 /* GetPublicUserDataResponse.swift in Sources */,
				525FBF592A4EC579001062A6 /* LogoutResponse.swift in Sources */,
				52B719FA2A4974E2008873D6 /* SceneDelegate.swift in Sources */,
				52B71A152A4D6920008873D6 /* LoginRequest.swift in Sources */,
				525FBF572A4EC447001062A6 /* SessionInfo.swift in Sources */,
				525FBF532A4EA9E6001062A6 /* PostStudentLocationResponse.swift in Sources */,
				52B71A112A4D6714008873D6 /* OTMUdacityClient.swift in Sources */,
				525FBF552A4EBB5E001062A6 /* UpdateExistingStudentLocationResponse.swift in Sources */,
				52B71A192A4D6D51008873D6 /* LoginResponse.swift in Sources */,
				525FBF512A4EA895001062A6 /* StudentLocation.swift in Sources */,
				525FBF4E2A4D954F001062A6 /* OTMQueryStringBuilder.swift in Sources */,
			);
			runOnlyForDeploymentPostprocessing = 0;
		};
/* End PBXSourcesBuildPhase section */

/* Begin PBXVariantGroup section */
		52B719FD2A4974E2008873D6 /* Main.storyboard */ = {
			isa = PBXVariantGroup;
			children = (
				52B719FE2A4974E2008873D6 /* Base */,
			);
			name = Main.storyboard;
			sourceTree = "<group>";
		};
		52B71A022A4974E4008873D6 /* LaunchScreen.storyboard */ = {
			isa = PBXVariantGroup;
			children = (
				52B71A032A4974E4008873D6 /* Base */,
			);
			name = LaunchScreen.storyboard;
			sourceTree = "<group>";
		};
/* End PBXVariantGroup section */

/* Begin XCBuildConfiguration section */
		52B71A062A4974E4008873D6 /* Debug */ = {
			isa = XCBuildConfiguration;
			buildSettings = {
				ALWAYS_SEARCH_USER_PATHS = NO;
				CLANG_ANALYZER_NONNULL = YES;
				CLANG_ANALYZER_NUMBER_OBJECT_CONVERSION = YES_AGGRESSIVE;
				CLANG_CXX_LANGUAGE_STANDARD = "gnu++17";
				CLANG_ENABLE_MODULES = YES;
				CLANG_ENABLE_OBJC_ARC = YES;
				CLANG_ENABLE_OBJC_WEAK = YES;
				CLANG_WARN_BLOCK_CAPTURE_AUTORELEASING = YES;
				CLANG_WARN_BOOL_CONVERSION = YES;
				CLANG_WARN_COMMA = YES;
				CLANG_WARN_CONSTANT_CONVERSION = YES;
				CLANG_WARN_DEPRECATED_OBJC_IMPLEMENTATIONS = YES;
				CLANG_WARN_DIRECT_OBJC_ISA_USAGE = YES_ERROR;
				CLANG_WARN_DOCUMENTATION_COMMENTS = YES;
				CLANG_WARN_EMPTY_BODY = YES;
				CLANG_WARN_ENUM_CONVERSION = YES;
				CLANG_WARN_INFINITE_RECURSION = YES;
				CLANG_WARN_INT_CONVERSION = YES;
				CLANG_WARN_NON_LITERAL_NULL_CONVERSION = YES;
				CLANG_WARN_OBJC_IMPLICIT_RETAIN_SELF = YES;
				CLANG_WARN_OBJC_LITERAL_CONVERSION = YES;
				CLANG_WARN_OBJC_ROOT_CLASS = YES_ERROR;
				CLANG_WARN_QUOTED_INCLUDE_IN_FRAMEWORK_HEADER = YES;
				CLANG_WARN_RANGE_LOOP_ANALYSIS = YES;
				CLANG_WARN_STRICT_PROTOTYPES = YES;
				CLANG_WARN_SUSPICIOUS_MOVE = YES;
				CLANG_WARN_UNGUARDED_AVAILABILITY = YES_AGGRESSIVE;
				CLANG_WARN_UNREACHABLE_CODE = YES;
				CLANG_WARN__DUPLICATE_METHOD_MATCH = YES;
				COPY_PHASE_STRIP = NO;
				DEBUG_INFORMATION_FORMAT = dwarf;
				ENABLE_STRICT_OBJC_MSGSEND = YES;
				ENABLE_TESTABILITY = YES;
				GCC_C_LANGUAGE_STANDARD = gnu11;
				GCC_DYNAMIC_NO_PIC = NO;
				GCC_NO_COMMON_BLOCKS = YES;
				GCC_OPTIMIZATION_LEVEL = 0;
				GCC_PREPROCESSOR_DEFINITIONS = (
					"DEBUG=1",
					"$(inherited)",
				);
				GCC_WARN_64_TO_32_BIT_CONVERSION = YES;
				GCC_WARN_ABOUT_RETURN_TYPE = YES_ERROR;
				GCC_WARN_UNDECLARED_SELECTOR = YES;
				GCC_WARN_UNINITIALIZED_AUTOS = YES_AGGRESSIVE;
				GCC_WARN_UNUSED_FUNCTION = YES;
				GCC_WARN_UNUSED_VARIABLE = YES;
				IPHONEOS_DEPLOYMENT_TARGET = 15.5;
				MTL_ENABLE_DEBUG_INFO = INCLUDE_SOURCE;
				MTL_FAST_MATH = YES;
				ONLY_ACTIVE_ARCH = YES;
				SDKROOT = iphoneos;
				SWIFT_ACTIVE_COMPILATION_CONDITIONS = DEBUG;
				SWIFT_OPTIMIZATION_LEVEL = "-Onone";
			};
			name = Debug;
		};
		52B71A072A4974E4008873D6 /* Release */ = {
			isa = XCBuildConfiguration;
			buildSettings = {
				ALWAYS_SEARCH_USER_PATHS = NO;
				CLANG_ANALYZER_NONNULL = YES;
				CLANG_ANALYZER_NUMBER_OBJECT_CONVERSION = YES_AGGRESSIVE;
				CLANG_CXX_LANGUAGE_STANDARD = "gnu++17";
				CLANG_ENABLE_MODULES = YES;
				CLANG_ENABLE_OBJC_ARC = YES;
				CLANG_ENABLE_OBJC_WEAK = YES;
				CLANG_WARN_BLOCK_CAPTURE_AUTORELEASING = YES;
				CLANG_WARN_BOOL_CONVERSION = YES;
				CLANG_WARN_COMMA = YES;
				CLANG_WARN_CONSTANT_CONVERSION = YES;
				CLANG_WARN_DEPRECATED_OBJC_IMPLEMENTATIONS = YES;
				CLANG_WARN_DIRECT_OBJC_ISA_USAGE = YES_ERROR;
				CLANG_WARN_DOCUMENTATION_COMMENTS = YES;
				CLANG_WARN_EMPTY_BODY = YES;
				CLANG_WARN_ENUM_CONVERSION = YES;
				CLANG_WARN_INFINITE_RECURSION = YES;
				CLANG_WARN_INT_CONVERSION = YES;
				CLANG_WARN_NON_LITERAL_NULL_CONVERSION = YES;
				CLANG_WARN_OBJC_IMPLICIT_RETAIN_SELF = YES;
				CLANG_WARN_OBJC_LITERAL_CONVERSION = YES;
				CLANG_WARN_OBJC_ROOT_CLASS = YES_ERROR;
				CLANG_WARN_QUOTED_INCLUDE_IN_FRAMEWORK_HEADER = YES;
				CLANG_WARN_RANGE_LOOP_ANALYSIS = YES;
				CLANG_WARN_STRICT_PROTOTYPES = YES;
				CLANG_WARN_SUSPICIOUS_MOVE = YES;
				CLANG_WARN_UNGUARDED_AVAILABILITY = YES_AGGRESSIVE;
				CLANG_WARN_UNREACHABLE_CODE = YES;
				CLANG_WARN__DUPLICATE_METHOD_MATCH = YES;
				COPY_PHASE_STRIP = NO;
				DEBUG_INFORMATION_FORMAT = "dwarf-with-dsym";
				ENABLE_NS_ASSERTIONS = NO;
				ENABLE_STRICT_OBJC_MSGSEND = YES;
				GCC_C_LANGUAGE_STANDARD = gnu11;
				GCC_NO_COMMON_BLOCKS = YES;
				GCC_WARN_64_TO_32_BIT_CONVERSION = YES;
				GCC_WARN_ABOUT_RETURN_TYPE = YES_ERROR;
				GCC_WARN_UNDECLARED_SELECTOR = YES;
				GCC_WARN_UNINITIALIZED_AUTOS = YES_AGGRESSIVE;
				GCC_WARN_UNUSED_FUNCTION = YES;
				GCC_WARN_UNUSED_VARIABLE = YES;
				IPHONEOS_DEPLOYMENT_TARGET = 15.5;
				MTL_ENABLE_DEBUG_INFO = NO;
				MTL_FAST_MATH = YES;
				SDKROOT = iphoneos;
				SWIFT_COMPILATION_MODE = wholemodule;
				SWIFT_OPTIMIZATION_LEVEL = "-O";
				VALIDATE_PRODUCT = YES;
			};
			name = Release;
		};
		52B71A092A4974E4008873D6 /* Debug */ = {
			isa = XCBuildConfiguration;
			buildSettings = {
				ASSETCATALOG_COMPILER_APPICON_NAME = AppIcon;
				ASSETCATALOG_COMPILER_GLOBAL_ACCENT_COLOR_NAME = AccentColor;
				CODE_SIGN_STYLE = Automatic;
				CURRENT_PROJECT_VERSION = 1;
				GENERATE_INFOPLIST_FILE = YES;
				INFOPLIST_FILE = OnTheMap/Info.plist;
				INFOPLIST_KEY_UIApplicationSupportsIndirectInputEvents = YES;
				INFOPLIST_KEY_UILaunchStoryboardName = LaunchScreen;
				INFOPLIST_KEY_UIMainStoryboardFile = Main;
				INFOPLIST_KEY_UISupportedInterfaceOrientations_iPad = "UIInterfaceOrientationPortrait UIInterfaceOrientationPortraitUpsideDown UIInterfaceOrientationLandscapeLeft UIInterfaceOrientationLandscapeRight";
				INFOPLIST_KEY_UISupportedInterfaceOrientations_iPhone = "UIInterfaceOrientationPortrait UIInterfaceOrientationLandscapeLeft UIInterfaceOrientationLandscapeRight";
				LD_RUNPATH_SEARCH_PATHS = (
					"$(inherited)",
					"@executable_path/Frameworks",
				);
				MARKETING_VERSION = 1.0;
				PRODUCT_BUNDLE_IDENTIFIER = OnSwitchOff.OnTheMap;
				PRODUCT_NAME = "$(TARGET_NAME)";
				SWIFT_EMIT_LOC_STRINGS = YES;
				SWIFT_VERSION = 5.0;
				TARGETED_DEVICE_FAMILY = "1,2";
			};
			name = Debug;
		};
		52B71A0A2A4974E4008873D6 /* Release */ = {
			isa = XCBuildConfiguration;
			buildSettings = {
				ASSETCATALOG_COMPILER_APPICON_NAME = AppIcon;
				ASSETCATALOG_COMPILER_GLOBAL_ACCENT_COLOR_NAME = AccentColor;
				CODE_SIGN_STYLE = Automatic;
				CURRENT_PROJECT_VERSION = 1;
				GENERATE_INFOPLIST_FILE = YES;
				INFOPLIST_FILE = OnTheMap/Info.plist;
				INFOPLIST_KEY_UIApplicationSupportsIndirectInputEvents = YES;
				INFOPLIST_KEY_UILaunchStoryboardName = LaunchScreen;
				INFOPLIST_KEY_UIMainStoryboardFile = Main;
				INFOPLIST_KEY_UISupportedInterfaceOrientations_iPad = "UIInterfaceOrientationPortrait UIInterfaceOrientationPortraitUpsideDown UIInterfaceOrientationLandscapeLeft UIInterfaceOrientationLandscapeRight";
				INFOPLIST_KEY_UISupportedInterfaceOrientations_iPhone = "UIInterfaceOrientationPortrait UIInterfaceOrientationLandscapeLeft UIInterfaceOrientationLandscapeRight";
				LD_RUNPATH_SEARCH_PATHS = (
					"$(inherited)",
					"@executable_path/Frameworks",
				);
				MARKETING_VERSION = 1.0;
				PRODUCT_BUNDLE_IDENTIFIER = OnSwitchOff.OnTheMap;
				PRODUCT_NAME = "$(TARGET_NAME)";
				SWIFT_EMIT_LOC_STRINGS = YES;
				SWIFT_VERSION = 5.0;
				TARGETED_DEVICE_FAMILY = "1,2";
			};
			name = Release;
		};
/* End XCBuildConfiguration section */

/* Begin XCConfigurationList section */
		52B719EF2A4974E2008873D6 /* Build configuration list for PBXProject "OnTheMap" */ = {
			isa = XCConfigurationList;
			buildConfigurations = (
				52B71A062A4974E4008873D6 /* Debug */,
				52B71A072A4974E4008873D6 /* Release */,
			);
			defaultConfigurationIsVisible = 0;
			defaultConfigurationName = Release;
		};
		52B71A082A4974E4008873D6 /* Build configuration list for PBXNativeTarget "OnTheMap" */ = {
			isa = XCConfigurationList;
			buildConfigurations = (
				52B71A092A4974E4008873D6 /* Debug */,
				52B71A0A2A4974E4008873D6 /* Release */,
			);
			defaultConfigurationIsVisible = 0;
			defaultConfigurationName = Release;
		};
/* End XCConfigurationList section */
	};
	rootObject = 52B719EC2A4974E2008873D6 /* Project object */;
}
